
Microsoft Visual Studio Solution File, Format Version 12.00
# Visual Studio Version 17
VisualStudioVersion = 17.7.34202.233
MinimumVisualStudioVersion = 10.0.40219.1
Project("{9A19103F-16F7-4668-BE54-9A1E7A4F7556}") = "GrpcClient.Core", "GrpcClient.Core\GrpcClient.Core.csproj", "{735F72A0-F4C2-4934-9F25-BD808972E033}"
EndProject
Project("{9A19103F-16F7-4668-BE54-9A1E7A4F7556}") = "GrpcServer.Core", "GrpcServer.Core\GrpcServer.Core.csproj", "{8CA39A6A-0F33-40E0-8AB0-E4F812CA3B39}"
EndProject
Project("{FAE04EC0-301F-11D3-BF4B-00C04F79EFBC}") = "GrpcClient.Framework", "GrpcClient.Framework\GrpcClient.Framework.csproj", "{7F62F2AB-CA6C-41B3-AA34-7A4B73894BDC}"
EndProject
Global
	GlobalSection(SolutionConfigurationPlatforms) = preSolution
		Debug|Any CPU = Debug|Any CPU
		Release|Any CPU = Release|Any CPU
	EndGlobalSection
	GlobalSection(ProjectConfigurationPlatforms) = postSolution
		{735F72A0-F4C2-4934-9F25-BD808972E033}.Debug|Any CPU.ActiveCfg = Debug|Any CPU
		{735F72A0-F4C2-4934-9F25-BD808972E033}.Debug|Any CPU.Build.0 = Debug|Any CPU
		{735F72A0-F4C2-4934-9F25-BD808972E033}.Release|Any CPU.ActiveCfg = Release|Any CPU
		{735F72A0-F4C2-4934-9F25-BD808972E033}.Release|Any CPU.Build.0 = Release|Any CPU
		{8CA39A6A-0F33-40E0-8AB0-E4F812CA3B39}.Debug|Any CPU.ActiveCfg = Debug|Any CPU
		{8CA39A6A-0F33-40E0-8AB0-E4F812CA3B39}.Debug|Any CPU.Build.0 = Debug|Any CPU
		{8CA39A6A-0F33-40E0-8AB0-E4F812CA3B39}.Release|Any CPU.ActiveCfg = Release|Any CPU
		{8CA39A6A-0F33-40E0-8AB0-E4F812CA3B39}.Release|Any CPU.Build.0 = Release|Any CPU
		{7F62F2AB-CA6C-41B3-AA34-7A4B73894BDC}.Debug|Any CPU.ActiveCfg = Debug|Any CPU
		{7F62F2AB-CA6C-41B3-AA34-7A4B73894BDC}.Debug|Any CPU.Build.0 = Debug|Any CPU
		{7F62F2AB-CA6C-41B3-AA34-7A4B73894BDC}.Release|Any CPU.ActiveCfg = Release|Any CPU
		{7F62F2AB-CA6C-41B3-AA34-7A4B73894BDC}.Release|Any CPU.Build.0 = Release|Any CPU
	EndGlobalSection
	GlobalSection(SolutionProperties) = preSolution
		HideSolutionNode = FALSE
	EndGlobalSection
	GlobalSection(ExtensibilityGlobals) = postSolution
		SolutionGuid = {37DAE329-B522-4693-BF90-853204D3AC92}
	EndGlobalSection
EndGlobal
